// !$*UTF8*$!
{
	archiveVersion = 1;
	classes = {
	};
	objectVersion = 56;
	objects = {

/* Begin PBXBuildFile section */
		347BE47B2926367F0075F321 /* AppDelegate.swift in Sources */ = {isa = PBXBuildFile; fileRef = 347BE47A2926367F0075F321 /* AppDelegate.swift */; };
		347BE47D2926367F0075F321 /* SceneDelegate.swift in Sources */ = {isa = PBXBuildFile; fileRef = 347BE47C2926367F0075F321 /* SceneDelegate.swift */; };
		347BE47F2926367F0075F321 /* ViewController.swift in Sources */ = {isa = PBXBuildFile; fileRef = 347BE47E2926367F0075F321 /* ViewController.swift */; };
		347BE4822926367F0075F321 /* Main.storyboard in Resources */ = {isa = PBXBuildFile; fileRef = 347BE4802926367F0075F321 /* Main.storyboard */; };
		347BE484292636800075F321 /* Assets.xcassets in Resources */ = {isa = PBXBuildFile; fileRef = 347BE483292636800075F321 /* Assets.xcassets */; };
		347BE487292636800075F321 /* LaunchScreen.storyboard in Resources */ = {isa = PBXBuildFile; fileRef = 347BE485292636800075F321 /* LaunchScreen.storyboard */; };
		347BE4922926376B0075F321 /* AVFoundation.framework in Frameworks */ = {isa = PBXBuildFile; fileRef = 347BE4912926376B0075F321 /* AVFoundation.framework */; };
		34AA11E7292CE03400CF9FB9 /* AVKit.framework in Frameworks */ = {isa = PBXBuildFile; fileRef = 34AA11E6292CE03400CF9FB9 /* AVKit.framework */; };
		34AA11E9292CE16800CF9FB9 /* muthu.mp3 in Resources */ = {isa = PBXBuildFile; fileRef = 34AA11E8292CE16800CF9FB9 /* muthu.mp3 */; };
/* End PBXBuildFile section */

/* Begin PBXFileReference section */
		347BE4772926367F0075F321 /* audio.app */ = {isa = PBXFileReference; explicitFileType = wrapper.application; includeInIndex = 0; path = audio.app; sourceTree = BUILT_PRODUCTS_DIR; };
		347BE47A2926367F0075F321 /* AppDelegate.swift */ = {isa = PBXFileReference; lastKnownFileType = sourcecode.swift; path = AppDelegate.swift; sourceTree = "<group>"; };
		347BE47C2926367F0075F321 /* SceneDelegate.swift */ = {isa = PBXFileReference; lastKnownFileType = sourcecode.swift; path = SceneDelegate.swift; sourceTree = "<group>"; };
		347BE47E2926367F0075F321 /* ViewController.swift */ = {isa = PBXFileReference; lastKnownFileType = sourcecode.swift; path = ViewController.swift; sourceTree = "<group>"; };
		347BE4812926367F0075F321 /* Base */ = {isa = PBXFileReference; lastKnownFileType = file.storyboard; name = Base; path = Base.lproj/Main.storyboard; sourceTree = "<group>"; };
		347BE483292636800075F321 /* Assets.xcassets */ = {isa = PBXFileReference; lastKnownFileType = folder.assetcatalog; path = Assets.xcassets; sourceTree = "<group>"; };
		347BE486292636800075F321 /* Base */ = {isa = PBXFileReference; lastKnownFileType = file.storyboard; name = Base; path = Base.lproj/LaunchScreen.storyboard; sourceTree = "<group>"; };
		347BE488292636800075F321 /* Info.plist */ = {isa = PBXFileReference; lastKnownFileType = text.plist.xml; path = Info.plist; sourceTree = "<group>"; };
		347BE4912926376B0075F321 /* AVFoundation.framework */ = {isa = PBXFileReference; lastKnownFileType = wrapper.framework; name = AVFoundation.framework; path = System/Library/Frameworks/AVFoundation.framework; sourceTree = SDKROOT; };
		34AA11E5292CE01F00CF9FB9 /* VID_20221023_161044.mp4 */ = {isa = PBXFileReference; lastKnownFileType = file; name = VID_20221023_161044.mp4; path = "../../../Photos/Manali Trip/Pav/cam/VID_20221023_161044.mp4"; sourceTree = "<group>"; };
		34AA11E6292CE03400CF9FB9 /* AVKit.framework */ = {isa = PBXFileReference; lastKnownFileType = wrapper.framework; name = AVKit.framework; path = System/Library/Frameworks/AVKit.framework; sourceTree = SDKROOT; };
		34AA11E8292CE16800CF9FB9 /* muthu.mp3 */ = {isa = PBXFileReference; lastKnownFileType = audio.mp3; name = muthu.mp3; path = ../../../muthu.mp3; sourceTree = "<group>"; };
/* End PBXFileReference section */

/* Begin PBXFrameworksBuildPhase section */
		347BE4742926367F0075F321 /* Frameworks */ = {
			isa = PBXFrameworksBuildPhase;
			buildActionMask = 2147483647;
			files = (
				34AA11E7292CE03400CF9FB9 /* AVKit.framework in Frameworks */,
				347BE4922926376B0075F321 /* AVFoundation.framework in Frameworks */,
			);
			runOnlyForDeploymentPostprocessing = 0;
		};
/* End PBXFrameworksBuildPhase section */

/* Begin PBXGroup section */
		347BE46E2926367F0075F321 = {
			isa = PBXGroup;
			children = (
				347BE4792926367F0075F321 /* audio */,
				347BE4782926367F0075F321 /* Products */,
				347BE4902926376B0075F321 /* Frameworks */,
			);
			sourceTree = "<group>";
		};
		347BE4782926367F0075F321 /* Products */ = {
			isa = PBXGroup;
			children = (
				347BE4772926367F0075F321 /* audio.app */,
			);
			name = Products;
			sourceTree = "<group>";
		};
		347BE4792926367F0075F321 /* audio */ = {
			isa = PBXGroup;
			children = (
				347BE47A2926367F0075F321 /* AppDelegate.swift */,
				34AA11E8292CE16800CF9FB9 /* muthu.mp3 */,
				34AA11E5292CE01F00CF9FB9 /* VID_20221023_161044.mp4 */,
				347BE47C2926367F0075F321 /* SceneDelegate.swift */,
				347BE47E2926367F0075F321 /* ViewController.swift */,
				347BE4802926367F0075F321 /* Main.storyboard */,
				347BE483292636800075F321 /* Assets.xcassets */,
				347BE485292636800075F321 /* LaunchScreen.storyboard */,
				347BE488292636800075F321 /* Info.plist */,
			);
			path = audio;
			sourceTree = "<group>";
		};
		347BE4902926376B0075F321 /* Frameworks */ = {
			isa = PBXGroup;
			children = (
				34AA11E6292CE03400CF9FB9 /* AVKit.framework */,
				347BE4912926376B0075F321 /* AVFoundation.framework */,
			);
			name = Frameworks;
			sourceTree = "<group>";
		};
/* End PBXGroup section */

/* Begin PBXNativeTarget section */
		347BE4762926367F0075F321 /* audio */ = {
			isa = PBXNativeTarget;
			buildConfigurationList = 347BE48B292636800075F321 /* Build configuration list for PBXNativeTarget "audio" */;
			buildPhases = (
				347BE4732926367F0075F321 /* Sources */,
				347BE4742926367F0075F321 /* Frameworks */,
				347BE4752926367F0075F321 /* Resources */,
			);
			buildRules = (
			);
			dependencies = (
			);
			name = audio;
			productName = audio;
			productReference = 347BE4772926367F0075F321 /* audio.app */;
			productType = "com.apple.product-type.application";
		};
/* End PBXNativeTarget section */

/* Begin PBXProject section */
		347BE46F2926367F0075F321 /* Project object */ = {
			isa = PBXProject;
			attributes = {
				BuildIndependentTargetsInParallel = 1;
				LastSwiftUpdateCheck = 1410;
				LastUpgradeCheck = 1410;
				TargetAttributes = {
					347BE4762926367F0075F321 = {
						CreatedOnToolsVersion = 14.1;
					};
				};
			};
			buildConfigurationList = 347BE4722926367F0075F321 /* Build configuration list for PBXProject "audio" */;
			compatibilityVersion = "Xcode 14.0";
			developmentRegion = en;
			hasScannedForEncodings = 0;
			knownRegions = (
				en,
				Base,
			);
			mainGroup = 347BE46E2926367F0075F321;
			productRefGroup = 347BE4782926367F0075F321 /* Products */;
			projectDirPath = "";
			projectRoot = "";
			targets = (
				347BE4762926367F0075F321 /* audio */,
			);
		};
/* End PBXProject section */

/* Begin PBXResourcesBuildPhase section */
		347BE4752926367F0075F321 /* Resources */ = {
			isa = PBXResourcesBuildPhase;
			buildActionMask = 2147483647;
			files = (
				34AA11E9292CE16800CF9FB9 /* muthu.mp3 in Resources */,
				347BE487292636800075F321 /* LaunchScreen.storyboard in Resources */,
				347BE484292636800075F321 /* Assets.xcassets in Resources */,
				347BE4822926367F0075F321 /* Main.storyboard in Resources */,
			);
			runOnlyForDeploymentPostprocessing = 0;
		};
/* End PBXResourcesBuildPhase section */

/* Begin PBXSourcesBuildPhase section */
		347BE4732926367F0075F321 /* Sources */ = {
			isa = PBXSourcesBuildPhase;
			buildActionMask = 2147483647;
			files = (
				347BE47F2926367F0075F321 /* ViewController.swift in Sources */,
				347BE47B2926367F0075F321 /* AppDelegate.swift in Sources */,
				347BE47D2926367F0075F321 /* SceneDelegate.swift in Sources */,
			);
			runOnlyForDeploymentPostprocessing = 0;
		};
/* End PBXSourcesBuildPhase section */

/* Begin PBXVariantGroup section */
		347BE4802926367F0075F321 /* Main.storyboard */ = {
			isa = PBXVariantGroup;
			children = (
				347BE4812926367F0075F321 /* Base */,
			);
			name = Main.storyboard;
			sourceTree = "<group>";
		};
		347BE485292636800075F321 /* LaunchScreen.storyboard */ = {
			isa = PBXVariantGroup;
			children = (
				347BE486292636800075F321 /* Base */,
			);
			name = LaunchScreen.storyboard;
			sourceTree = "<group>";
		};
/* End PBXVariantGroup section */

/* Begin XCBuildConfiguration section */
		347BE489292636800075F321 /* Debug */ = {
			isa = XCBuildConfiguration;
			buildSettings = {
				ALWAYS_SEARCH_USER_PATHS = NO;
				CLANG_ANALYZER_NONNULL = YES;
				CLANG_ANALYZER_NUMBER_OBJECT_CONVERSION = YES_AGGRESSIVE;
				CLANG_CXX_LANGUAGE_STANDARD = "gnu++20";
				CLANG_ENABLE_MODULES = YES;
				CLANG_ENABLE_OBJC_ARC = YES;
				CLANG_ENABLE_OBJC_WEAK = YES;
				CLANG_WARN_BLOCK_CAPTURE_AUTORELEASING = YES;
				CLANG_WARN_BOOL_CONVERSION = YES;
				CLANG_WARN_COMMA = YES;
				CLANG_WARN_CONSTANT_CONVERSION = YES;
				CLANG_WARN_DEPRECATED_OBJC_IMPLEMENTATIONS = YES;
				CLANG_WARN_DIRECT_OBJC_ISA_USAGE = YES_ERROR;
				CLANG_WARN_DOCUMENTATION_COMMENTS = YES;
				CLANG_WARN_EMPTY_BODY = YES;
				CLANG_WARN_ENUM_CONVERSION = YES;
				CLANG_WARN_INFINITE_RECURSION = YES;
				CLANG_WARN_INT_CONVERSION = YES;
				CLANG_WARN_NON_LITERAL_NULL_CONVERSION = YES;
				CLANG_WARN_OBJC_IMPLICIT_RETAIN_SELF = YES;
				CLANG_WARN_OBJC_LITERAL_CONVERSION = YES;
				CLANG_WARN_OBJC_ROOT_CLASS = YES_ERROR;
				CLANG_WARN_QUOTED_INCLUDE_IN_FRAMEWORK_HEADER = YES;
				CLANG_WARN_RANGE_LOOP_ANALYSIS = YES;
				CLANG_WARN_STRICT_PROTOTYPES = YES;
				CLANG_WARN_SUSPICIOUS_MOVE = YES;
				CLANG_WARN_UNGUARDED_AVAILABILITY = YES_AGGRESSIVE;
				CLANG_WARN_UNREACHABLE_CODE = YES;
				CLANG_WARN__DUPLICATE_METHOD_MATCH = YES;
				COPY_PHASE_STRIP = NO;
				DEBUG_INFORMATION_FORMAT = dwarf;
				ENABLE_STRICT_OBJC_MSGSEND = YES;
				ENABLE_TESTABILITY = YES;
				GCC_C_LANGUAGE_STANDARD = gnu11;
				GCC_DYNAMIC_NO_PIC = NO;
				GCC_NO_COMMON_BLOCKS = YES;
				GCC_OPTIMIZATION_LEVEL = 0;
				GCC_PREPROCESSOR_DEFINITIONS = (
					"DEBUG=1",
					"$(inherited)",
				);
				GCC_WARN_64_TO_32_BIT_CONVERSION = YES;
				GCC_WARN_ABOUT_RETURN_TYPE = YES_ERROR;
				GCC_WARN_UNDECLARED_SELECTOR = YES;
				GCC_WARN_UNINITIALIZED_AUTOS = YES_AGGRESSIVE;
				GCC_WARN_UNUSED_FUNCTION = YES;
				GCC_WARN_UNUSED_VARIABLE = YES;
				IPHONEOS_DEPLOYMENT_TARGET = 16.1;
				MTL_ENABLE_DEBUG_INFO = INCLUDE_SOURCE;
				MTL_FAST_MATH = YES;
				ONLY_ACTIVE_ARCH = YES;
				SDKROOT = iphoneos;
				SWIFT_ACTIVE_COMPILATION_CONDITIONS = DEBUG;
				SWIFT_OPTIMIZATION_LEVEL = "-Onone";
			};
			name = Debug;
		};
		347BE48A292636800075F321 /* Release */ = {
			isa = XCBuildConfiguration;
			buildSettings = {
				ALWAYS_SEARCH_USER_PATHS = NO;
				CLANG_ANALYZER_NONNULL = YES;
				CLANG_ANALYZER_NUMBER_OBJECT_CONVERSION = YES_AGGRESSIVE;
				CLANG_CXX_LANGUAGE_STANDARD = "gnu++20";
				CLANG_ENABLE_MODULES = YES;
				CLANG_ENABLE_OBJC_ARC = YES;
				CLANG_ENABLE_OBJC_WEAK = YES;
				CLANG_WARN_BLOCK_CAPTURE_AUTORELEASING = YES;
				CLANG_WARN_BOOL_CONVERSION = YES;
				CLANG_WARN_COMMA = YES;
				CLANG_WARN_CONSTANT_CONVERSION = YES;
				CLANG_WARN_DEPRECATED_OBJC_IMPLEMENTATIONS = YES;
				CLANG_WARN_DIRECT_OBJC_ISA_USAGE = YES_ERROR;
				CLANG_WARN_DOCUMENTATION_COMMENTS = YES;
				CLANG_WARN_EMPTY_BODY = YES;
				CLANG_WARN_ENUM_CONVERSION = YES;
				CLANG_WARN_INFINITE_RECURSION = YES;
				CLANG_WARN_INT_CONVERSION = YES;
				CLANG_WARN_NON_LITERAL_NULL_CONVERSION = YES;
				CLANG_WARN_OBJC_IMPLICIT_RETAIN_SELF = YES;
				CLANG_WARN_OBJC_LITERAL_CONVERSION = YES;
				CLANG_WARN_OBJC_ROOT_CLASS = YES_ERROR;
				CLANG_WARN_QUOTED_INCLUDE_IN_FRAMEWORK_HEADER = YES;
				CLANG_WARN_RANGE_LOOP_ANALYSIS = YES;
				CLANG_WARN_STRICT_PROTOTYPES = YES;
				CLANG_WARN_SUSPICIOUS_MOVE = YES;
				CLANG_WARN_UNGUARDED_AVAILABILITY = YES_AGGRESSIVE;
				CLANG_WARN_UNREACHABLE_CODE = YES;
				CLANG_WARN__DUPLICATE_METHOD_MATCH = YES;
				COPY_PHASE_STRIP = NO;
				DEBUG_INFORMATION_FORMAT = "dwarf-with-dsym";
				ENABLE_NS_ASSERTIONS = NO;
				ENABLE_STRICT_OBJC_MSGSEND = YES;
				GCC_C_LANGUAGE_STANDARD = gnu11;
				GCC_NO_COMMON_BLOCKS = YES;
				GCC_WARN_64_TO_32_BIT_CONVERSION = YES;
				GCC_WARN_ABOUT_RETURN_TYPE = YES_ERROR;
				GCC_WARN_UNDECLARED_SELECTOR = YES;
				GCC_WARN_UNINITIALIZED_AUTOS = YES_AGGRESSIVE;
				GCC_WARN_UNUSED_FUNCTION = YES;
				GCC_WARN_UNUSED_VARIABLE = YES;
				IPHONEOS_DEPLOYMENT_TARGET = 16.1;
				MTL_ENABLE_DEBUG_INFO = NO;
				MTL_FAST_MATH = YES;
				SDKROOT = iphoneos;
				SWIFT_COMPILATION_MODE = wholemodule;
				SWIFT_OPTIMIZATION_LEVEL = "-O";
				VALIDATE_PRODUCT = YES;
			};
			name = Release;
		};
		347BE48C292636800075F321 /* Debug */ = {
			isa = XCBuildConfiguration;
			buildSettings = {
				ASSETCATALOG_COMPILER_APPICON_NAME = AppIcon;
				ASSETCATALOG_COMPILER_GLOBAL_ACCENT_COLOR_NAME = AccentColor;
				CODE_SIGN_STYLE = Automatic;
				CURRENT_PROJECT_VERSION = 1;
				DEVELOPMENT_TEAM = W6RB3M6N7B;
				GENERATE_INFOPLIST_FILE = YES;
				INFOPLIST_FILE = audio/Info.plist;
				INFOPLIST_KEY_UIApplicationSupportsIndirectInputEvents = YES;
				INFOPLIST_KEY_UILaunchStoryboardName = LaunchScreen;
				INFOPLIST_KEY_UIMainStoryboardFile = Main;
				INFOPLIST_KEY_UISupportedInterfaceOrientations_iPad = "UIInterfaceOrientationPortrait UIInterfaceOrientationPortraitUpsideDown UIInterfaceOrientationLandscapeLeft UIInterfaceOrientationLandscapeRight";
				INFOPLIST_KEY_UISupportedInterfaceOrientations_iPhone = "UIInterfaceOrientationPortrait UIInterfaceOrientationLandscapeLeft UIInterfaceOrientationLandscapeRight";
				LD_RUNPATH_SEARCH_PATHS = (
					"$(inherited)",
					"@executable_path/Frameworks",
				);
				MARKETING_VERSION = 1.0;
				PRODUCT_BUNDLE_IDENTIFIER = a.audio;
				PRODUCT_NAME = "$(TARGET_NAME)";
				SWIFT_EMIT_LOC_STRINGS = YES;
				SWIFT_VERSION = 5.0;
				TARGETED_DEVICE_FAMILY = "1,2";
			};
			name = Debug;
		};
		347BE48D292636800075F321 /* Release */ = {
			isa = XCBuildConfiguration;
			buildSettings = {
				ASSETCATALOG_COMPILER_APPICON_NAME = AppIcon;
				ASSETCATALOG_COMPILER_GLOBAL_ACCENT_COLOR_NAME = AccentColor;
				CODE_SIGN_STYLE = Automatic;
				CURRENT_PROJECT_VERSION = 1;
				DEVELOPMENT_TEAM = W6RB3M6N7B;
				GENERATE_INFOPLIST_FILE = YES;
				INFOPLIST_FILE = audio/Info.plist;
				INFOPLIST_KEY_UIApplicationSupportsIndirectInputEvents = YES;
				INFOPLIST_KEY_UILaunchStoryboardName = LaunchScreen;
				INFOPLIST_KEY_UIMainStoryboardFile = Main;
				INFOPLIST_KEY_UISupportedInterfaceOrientations_iPad = "UIInterfaceOrientationPortrait UIInterfaceOrientationPortraitUpsideDown UIInterfaceOrientationLandscapeLeft UIInterfaceOrientationLandscapeRight";
				INFOPLIST_KEY_UISupportedInterfaceOrientations_iPhone = "UIInterfaceOrientationPortrait UIInterfaceOrientationLandscapeLeft UIInterfaceOrientationLandscapeRight";
				LD_RUNPATH_SEARCH_PATHS = (
					"$(inherited)",
					"@executable_path/Frameworks",
				);
				MARKETING_VERSION = 1.0;
				PRODUCT_BUNDLE_IDENTIFIER = a.audio;
				PRODUCT_NAME = "$(TARGET_NAME)";
				SWIFT_EMIT_LOC_STRINGS = YES;
				SWIFT_VERSION = 5.0;
				TARGETED_DEVICE_FAMILY = "1,2";
			};
			name = Release;
		};
/* End XCBuildConfiguration section */

/* Begin XCConfigurationList section */
		347BE4722926367F0075F321 /* Build configuration list for PBXProject "audio" */ = {
			isa = XCConfigurationList;
			buildConfigurations = (
				347BE489292636800075F321 /* Debug */,
				347BE48A292636800075F321 /* Release */,
			);
			defaultConfigurationIsVisible = 0;
			defaultConfigurationName = Release;
		};
		347BE48B292636800075F321 /* Build configuration list for PBXNativeTarget "audio" */ = {
			isa = XCConfigurationList;
			buildConfigurations = (
				347BE48C292636800075F321 /* Debug */,
				347BE48D292636800075F321 /* Release */,
			);
			defaultConfigurationIsVisible = 0;
			defaultConfigurationName = Release;
		};
/* End XCConfigurationList section */
	};
	rootObject = 347BE46F2926367F0075F321 /* Project object */;
}
